// !$*UTF8*$!
{
	archiveVersion = 1;
	classes = {
	};
	objectVersion = 77;
	objects = {

/* Begin PBXBuildFile section */
		014CFF24BCFBA3637A3CF605 /* SketchpadApp.swift in Sources */ = {isa = PBXBuildFile; fileRef = C43E4564781061F22876585D /* SketchpadApp.swift */; };
		09240145A13A299278D6D530 /* DrawerViews.swift in Sources */ = {isa = PBXBuildFile; fileRef = BE399589066DF03F9B44CBC3 /* DrawerViews.swift */; };
		1985DD87C3393755EB3DDFF7 /* BoardStore.swift in Sources */ = {isa = PBXBuildFile; fileRef = 4CD656CBA4190A5C2B4F7BDC /* BoardStore.swift */; };
		3367A50B00011648EBE2EF91 /* Models.swift in Sources */ = {isa = PBXBuildFile; fileRef = F0C86C586FA2411F65CCBCE7 /* Models.swift */; };
		52623790AF8980281682BF31 /* ServerConnection.swift in Sources */ = {isa = PBXBuildFile; fileRef = 174F5814B810E56DBB486170 /* ServerConnection.swift */; };
		5344DA013F11F6A0BF374138 /* Settings.swift in Sources */ = {isa = PBXBuildFile; fileRef = 39EF633D5F393E123E6361C1 /* Settings.swift */; };
		79AC6DE959935BB91DF11E79 /* ContentView.swift in Sources */ = {isa = PBXBuildFile; fileRef = 1DA319B7A0ABEA2F42EEF6E4 /* ContentView.swift */; };
		7F84624131C533373F710CD2 /* LayerHostView.swift in Sources */ = {isa = PBXBuildFile; fileRef = 514EFB18FF2E83CD66251213 /* LayerHostView.swift */; };
		830D1B94A05B4304DE4F8B2B /* ReplyQueue.swift in Sources */ = {isa = PBXBuildFile; fileRef = 039553C37D1F5E91955EA437 /* ReplyQueue.swift */; };
		928B7AA06CE142B39FA641B5 /* SVGStrokes.swift in Sources */ = {isa = PBXBuildFile; fileRef = 401EDFB6C9F9DBEC6CAB4882 /* SVGStrokes.swift */; };
		E2C3A299941BD2C557137CD5 /* LayerOverlay.swift in Sources */ = {isa = PBXBuildFile; fileRef = ADEBA921E3F71217E05F46DA /* LayerOverlay.swift */; };
		E53CC37A4E56B79482D7DF06 /* CanvasView.swift in Sources */ = {isa = PBXBuildFile; fileRef = 8AF9CA4D0417B10AB050A75C /* CanvasView.swift */; };
		F46F312ACC0231AE1B90D727 /* TurnRenderer.swift in Sources */ = {isa = PBXBuildFile; fileRef = 3BF502298A2C010FE66163AF /* TurnRenderer.swift */; };
		FBA455FBE54A2E53C7AACE7D /* LayerModeOverlay.swift in Sources */ = {isa = PBXBuildFile; fileRef = D4B4C7EF300C5CE855CAF200 /* LayerModeOverlay.swift */; };
/* End PBXBuildFile section */

/* Begin PBXFileReference section */
		039553C37D1F5E91955EA437 /* ReplyQueue.swift */ = {isa = PBXFileReference; lastKnownFileType = sourcecode.swift; path = ReplyQueue.swift; sourceTree = "<group>"; };
		04AF8DE57C88945B96C97F14 /* Info.plist */ = {isa = PBXFileReference; lastKnownFileType = text.plist; path = Info.plist; sourceTree = "<group>"; };
		174F5814B810E56DBB486170 /* ServerConnection.swift */ = {isa = PBXFileReference; lastKnownFileType = sourcecode.swift; path = ServerConnection.swift; sourceTree = "<group>"; };
		1DA319B7A0ABEA2F42EEF6E4 /* ContentView.swift */ = {isa = PBXFileReference; lastKnownFileType = sourcecode.swift; path = ContentView.swift; sourceTree = "<group>"; };
		39EF633D5F393E123E6361C1 /* Settings.swift */ = {isa = PBXFileReference; lastKnownFileType = sourcecode.swift; path = Settings.swift; sourceTree = "<group>"; };
		3BF502298A2C010FE66163AF /* TurnRenderer.swift */ = {isa = PBXFileReference; lastKnownFileType = sourcecode.swift; path = TurnRenderer.swift; sourceTree = "<group>"; };
		401EDFB6C9F9DBEC6CAB4882 /* SVGStrokes.swift */ = {isa = PBXFileReference; lastKnownFileType = sourcecode.swift; path = SVGStrokes.swift; sourceTree = "<group>"; };
		4CD656CBA4190A5C2B4F7BDC /* BoardStore.swift */ = {isa = PBXFileReference; lastKnownFileType = sourcecode.swift; path = BoardStore.swift; sourceTree = "<group>"; };
		514EFB18FF2E83CD66251213 /* LayerHostView.swift */ = {isa = PBXFileReference; lastKnownFileType = sourcecode.swift; path = LayerHostView.swift; sourceTree = "<group>"; };
		74A1C02BC436487CB30DCB62 /* Sketchpad.app */ = {isa = PBXFileReference; includeInIndex = 0; lastKnownFileType = wrapper.application; path = Sketchpad.app; sourceTree = BUILT_PRODUCTS_DIR; };
		8AF9CA4D0417B10AB050A75C /* CanvasView.swift */ = {isa = PBXFileReference; lastKnownFileType = sourcecode.swift; path = CanvasView.swift; sourceTree = "<group>"; };
		ADEBA921E3F71217E05F46DA /* LayerOverlay.swift */ = {isa = PBXFileReference; lastKnownFileType = sourcecode.swift; path = LayerOverlay.swift; sourceTree = "<group>"; };
		BE399589066DF03F9B44CBC3 /* DrawerViews.swift */ = {isa = PBXFileReference; lastKnownFileType = sourcecode.swift; path = DrawerViews.swift; sourceTree = "<group>"; };
		C43E4564781061F22876585D /* SketchpadApp.swift */ = {isa = PBXFileReference; lastKnownFileType = sourcecode.swift; path = SketchpadApp.swift; sourceTree = "<group>"; };
		D4B4C7EF300C5CE855CAF200 /* LayerModeOverlay.swift */ = {isa = PBXFileReference; lastKnownFileType = sourcecode.swift; path = LayerModeOverlay.swift; sourceTree = "<group>"; };
		F0C86C586FA2411F65CCBCE7 /* Models.swift */ = {isa = PBXFileReference; lastKnownFileType = sourcecode.swift; path = Models.swift; sourceTree = "<group>"; };
/* End PBXFileReference section */

/* Begin PBXGroup section */
		109AC8CDC630310EE7B84FF8 = {
			isa = PBXGroup;
			children = (
				85F036F878F1C63A86C123B1 /* Sketchpad */,
				D3EC52A6840ADA1833EF7C8F /* Products */,
			);
			sourceTree = "<group>";
		};
		85F036F878F1C63A86C123B1 /* Sketchpad */ = {
			isa = PBXGroup;
			children = (
				4CD656CBA4190A5C2B4F7BDC /* BoardStore.swift */,
				8AF9CA4D0417B10AB050A75C /* CanvasView.swift */,
				1DA319B7A0ABEA2F42EEF6E4 /* ContentView.swift */,
				BE399589066DF03F9B44CBC3 /* DrawerViews.swift */,
				04AF8DE57C88945B96C97F14 /* Info.plist */,
				514EFB18FF2E83CD66251213 /* LayerHostView.swift */,
				D4B4C7EF300C5CE855CAF200 /* LayerModeOverlay.swift */,
				ADEBA921E3F71217E05F46DA /* LayerOverlay.swift */,
				F0C86C586FA2411F65CCBCE7 /* Models.swift */,
				039553C37D1F5E91955EA437 /* ReplyQueue.swift */,
				174F5814B810E56DBB486170 /* ServerConnection.swift */,
				39EF633D5F393E123E6361C1 /* Settings.swift */,
				C43E4564781061F22876585D /* SketchpadApp.swift */,
				401EDFB6C9F9DBEC6CAB4882 /* SVGStrokes.swift */,
				3BF502298A2C010FE66163AF /* TurnRenderer.swift */,
			);
			path = Sketchpad;
			sourceTree = "<group>";
		};
		D3EC52A6840ADA1833EF7C8F /* Products */ = {
			isa = PBXGroup;
			children = (
				74A1C02BC436487CB30DCB62 /* Sketchpad.app */,
			);
			name = Products;
			sourceTree = "<group>";
		};
/* End PBXGroup section */

/* Begin PBXNativeTarget section */
		B62022AA2E17DFF18AF3246D /* Sketchpad */ = {
			isa = PBXNativeTarget;
			buildConfigurationList = C51CDA79F7859F9DFD2762DA /* Build configuration list for PBXNativeTarget "Sketchpad" */;
			buildPhases = (
				D54AE48EB099296F20EFBEBD /* Sources */,
			);
			buildRules = (
			);
			dependencies = (
			);
			name = Sketchpad;
			packageProductDependencies = (
			);
			productName = Sketchpad;
			productReference = 74A1C02BC436487CB30DCB62 /* Sketchpad.app */;
			productType = "com.apple.product-type.application";
		};
/* End PBXNativeTarget section */

/* Begin PBXProject section */
		1AFD38FB308575A3F21B5D00 /* Project object */ = {
			isa = PBXProject;
			attributes = {
				BuildIndependentTargetsInParallel = YES;
				LastUpgradeCheck = 1430;
				TargetAttributes = {
					B62022AA2E17DFF18AF3246D = {
						DevelopmentTeam = "";
						ProvisioningStyle = Automatic;
					};
				};
			};
			buildConfigurationList = 142E5BE09BE54F58C8B025C4 /* Build configuration list for PBXProject "Sketchpad" */;
			developmentRegion = en;
			hasScannedForEncodings = 0;
			knownRegions = (
				Base,
				en,
			);
			mainGroup = 109AC8CDC630310EE7B84FF8;
			minimizedProjectReferenceProxies = 1;
			preferredProjectObjectVersion = 77;
			productRefGroup = D3EC52A6840ADA1833EF7C8F /* Products */;
			projectDirPath = "";
			projectRoot = "";
			targets = (
				B62022AA2E17DFF18AF3246D /* Sketchpad */,
			);
		};
/* End PBXProject section */

/* Begin PBXSourcesBuildPhase section */
		D54AE48EB099296F20EFBEBD /* Sources */ = {
			isa = PBXSourcesBuildPhase;
			buildActionMask = 2147483647;
			files = (
				1985DD87C3393755EB3DDFF7 /* BoardStore.swift in Sources */,
				E53CC37A4E56B79482D7DF06 /* CanvasView.swift in Sources */,
				79AC6DE959935BB91DF11E79 /* ContentView.swift in Sources */,
				09240145A13A299278D6D530 /* DrawerViews.swift in Sources */,
				7F84624131C533373F710CD2 /* LayerHostView.swift in Sources */,
				FBA455FBE54A2E53C7AACE7D /* LayerModeOverlay.swift in Sources */,
				E2C3A299941BD2C557137CD5 /* LayerOverlay.swift in Sources */,
				3367A50B00011648EBE2EF91 /* Models.swift in Sources */,
				830D1B94A05B4304DE4F8B2B /* ReplyQueue.swift in Sources */,
				928B7AA06CE142B39FA641B5 /* SVGStrokes.swift in Sources */,
				52623790AF8980281682BF31 /* ServerConnection.swift in Sources */,
				5344DA013F11F6A0BF374138 /* Settings.swift in Sources */,
				014CFF24BCFBA3637A3CF605 /* SketchpadApp.swift in Sources */,
				F46F312ACC0231AE1B90D727 /* TurnRenderer.swift in Sources */,
			);
			runOnlyForDeploymentPostprocessing = 0;
		};
/* End PBXSourcesBuildPhase section */

/* Begin XCBuildConfiguration section */
		038A375C8187DA066DC0871D /* Release */ = {
			isa = XCBuildConfiguration;
			buildSettings = {
				ALWAYS_SEARCH_USER_PATHS = NO;
				CLANG_ANALYZER_NONNULL = YES;
				CLANG_ANALYZER_NUMBER_OBJECT_CONVERSION = YES_AGGRESSIVE;
				CLANG_CXX_LANGUAGE_STANDARD = "gnu++14";
				CLANG_CXX_LIBRARY = "libc++";
				CLANG_ENABLE_MODULES = YES;
				CLANG_ENABLE_OBJC_ARC = YES;
				CLANG_ENABLE_OBJC_WEAK = YES;
				CLANG_WARN_BLOCK_CAPTURE_AUTORELEASING = YES;
				CLANG_WARN_BOOL_CONVERSION = YES;
				CLANG_WARN_COMMA = YES;
				CLANG_WARN_CONSTANT_CONVERSION = YES;
				CLANG_WARN_DEPRECATED_OBJC_IMPLEMENTATIONS = YES;
				CLANG_WARN_DIRECT_OBJC_ISA_USAGE = YES_ERROR;
				CLANG_WARN_DOCUMENTATION_COMMENTS = YES;
				CLANG_WARN_EMPTY_BODY = YES;
				CLANG_WARN_ENUM_CONVERSION = YES;
				CLANG_WARN_INFINITE_RECURSION = YES;
				CLANG_WARN_INT_CONVERSION = YES;
				CLANG_WARN_NON_LITERAL_NULL_CONVERSION = YES;
				CLANG_WARN_OBJC_IMPLICIT_RETAIN_SELF = YES;
				CLANG_WARN_OBJC_LITERAL_CONVERSION = YES;
				CLANG_WARN_OBJC_ROOT_CLASS = YES_ERROR;
				CLANG_WARN_QUOTED_INCLUDE_IN_FRAMEWORK_HEADER = YES;
				CLANG_WARN_RANGE_LOOP_ANALYSIS = YES;
				CLANG_WARN_STRICT_PROTOTYPES = YES;
				CLANG_WARN_SUSPICIOUS_MOVE = YES;
				CLANG_WARN_UNGUARDED_AVAILABILITY = YES_AGGRESSIVE;
				CLANG_WARN_UNREACHABLE_CODE = YES;
				CLANG_WARN__DUPLICATE_METHOD_MATCH = YES;
				COPY_PHASE_STRIP = NO;
				DEBUG_INFORMATION_FORMAT = "dwarf-with-dsym";
				ENABLE_NS_ASSERTIONS = NO;
				ENABLE_STRICT_OBJC_MSGSEND = YES;
				GCC_C_LANGUAGE_STANDARD = gnu11;
				GCC_NO_COMMON_BLOCKS = YES;
				GCC_WARN_64_TO_32_BIT_CONVERSION = YES;
				GCC_WARN_ABOUT_RETURN_TYPE = YES_ERROR;
				GCC_WARN_UNDECLARED_SELECTOR = YES;
				GCC_WARN_UNINITIALIZED_AUTOS = YES_AGGRESSIVE;
				GCC_WARN_UNUSED_FUNCTION = YES;
				GCC_WARN_UNUSED_VARIABLE = YES;
				IPHONEOS_DEPLOYMENT_TARGET = 17.0;
				MTL_ENABLE_DEBUG_INFO = NO;
				MTL_FAST_MATH = YES;
				PRODUCT_NAME = "$(TARGET_NAME)";
				SDKROOT = iphoneos;
				SWIFT_COMPILATION_MODE = wholemodule;
				SWIFT_OPTIMIZATION_LEVEL = "-O";
				SWIFT_VERSION = 5.0;
			};
			name = Release;
		};
		05436E4079585A061662C73E /* Debug */ = {
			isa = XCBuildConfiguration;
			buildSettings = {
				ALWAYS_SEARCH_USER_PATHS = NO;
				CLANG_ANALYZER_NONNULL = YES;
				CLANG_ANALYZER_NUMBER_OBJECT_CONVERSION = YES_AGGRESSIVE;
				CLANG_CXX_LANGUAGE_STANDARD = "gnu++14";
				CLANG_CXX_LIBRARY = "libc++";
				CLANG_ENABLE_MODULES = YES;
				CLANG_ENABLE_OBJC_ARC = YES;
				CLANG_ENABLE_OBJC_WEAK = YES;
				CLANG_WARN_BLOCK_CAPTURE_AUTORELEASING = YES;
				CLANG_WARN_BOOL_CONVERSION = YES;
				CLANG_WARN_COMMA = YES;
				CLANG_WARN_CONSTANT_CONVERSION = YES;
				CLANG_WARN_DEPRECATED_OBJC_IMPLEMENTATIONS = YES;
				CLANG_WARN_DIRECT_OBJC_ISA_USAGE = YES_ERROR;
				CLANG_WARN_DOCUMENTATION_COMMENTS = YES;
				CLANG_WARN_EMPTY_BODY = YES;
				CLANG_WARN_ENUM_CONVERSION = YES;
				CLANG_WARN_INFINITE_RECURSION = YES;
				CLANG_WARN_INT_CONVERSION = YES;
				CLANG_WARN_NON_LITERAL_NULL_CONVERSION = YES;
				CLANG_WARN_OBJC_IMPLICIT_RETAIN_SELF = YES;
				CLANG_WARN_OBJC_LITERAL_CONVERSION = YES;
				CLANG_WARN_OBJC_ROOT_CLASS = YES_ERROR;
				CLANG_WARN_QUOTED_INCLUDE_IN_FRAMEWORK_HEADER = YES;
				CLANG_WARN_RANGE_LOOP_ANALYSIS = YES;
				CLANG_WARN_STRICT_PROTOTYPES = YES;
				CLANG_WARN_SUSPICIOUS_MOVE = YES;
				CLANG_WARN_UNGUARDED_AVAILABILITY = YES_AGGRESSIVE;
				CLANG_WARN_UNREACHABLE_CODE = YES;
				CLANG_WARN__DUPLICATE_METHOD_MATCH = YES;
				COPY_PHASE_STRIP = NO;
				DEBUG_INFORMATION_FORMAT = dwarf;
				ENABLE_STRICT_OBJC_MSGSEND = YES;
				ENABLE_TESTABILITY = YES;
				GCC_C_LANGUAGE_STANDARD = gnu11;
				GCC_DYNAMIC_NO_PIC = NO;
				GCC_NO_COMMON_BLOCKS = YES;
				GCC_OPTIMIZATION_LEVEL = 0;
				GCC_PREPROCESSOR_DEFINITIONS = (
					"$(inherited)",
					"DEBUG=1",
				);
				GCC_WARN_64_TO_32_BIT_CONVERSION = YES;
				GCC_WARN_ABOUT_RETURN_TYPE = YES_ERROR;
				GCC_WARN_UNDECLARED_SELECTOR = YES;
				GCC_WARN_UNINITIALIZED_AUTOS = YES_AGGRESSIVE;
				GCC_WARN_UNUSED_FUNCTION = YES;
				GCC_WARN_UNUSED_VARIABLE = YES;
				IPHONEOS_DEPLOYMENT_TARGET = 17.0;
				MTL_ENABLE_DEBUG_INFO = INCLUDE_SOURCE;
				MTL_FAST_MATH = YES;
				ONLY_ACTIVE_ARCH = YES;
				PRODUCT_NAME = "$(TARGET_NAME)";
				SDKROOT = iphoneos;
				SWIFT_ACTIVE_COMPILATION_CONDITIONS = DEBUG;
				SWIFT_OPTIMIZATION_LEVEL = "-Onone";
				SWIFT_VERSION = 5.0;
			};
			name = Debug;
		};
		14133AC875161017B1DCD948 /* Release */ = {
			isa = XCBuildConfiguration;
			buildSettings = {
				ASSETCATALOG_COMPILER_APPICON_NAME = AppIcon;
				CODE_SIGN_IDENTITY = "iPhone Developer";
				CODE_SIGN_STYLE = Automatic;
				CURRENT_PROJECT_VERSION = 1;
				DEVELOPMENT_TEAM = "";
				ENABLE_PREVIEWS = YES;
				INFOPLIST_FILE = Sketchpad/Info.plist;
				LD_RUNPATH_SEARCH_PATHS = (
					"$(inherited)",
					"@executable_path/Frameworks",
				);
				MARKETING_VERSION = 0.1.0;
				PRODUCT_BUNDLE_IDENTIFIER = com.rylai.sketchpad;
				SDKROOT = iphoneos;
				SUPPORTS_MACCATALYST = NO;
				SWIFT_VERSION = 5.9;
				TARGETED_DEVICE_FAMILY = 2;
			};
			name = Release;
		};
		2104E853EE4F714404E58E5C /* Debug */ = {
			isa = XCBuildConfiguration;
			buildSettings = {
				ASSETCATALOG_COMPILER_APPICON_NAME = AppIcon;
				CODE_SIGN_IDENTITY = "iPhone Developer";
				CODE_SIGN_STYLE = Automatic;
				CURRENT_PROJECT_VERSION = 1;
				DEVELOPMENT_TEAM = "";
				ENABLE_PREVIEWS = YES;
				INFOPLIST_FILE = Sketchpad/Info.plist;
				LD_RUNPATH_SEARCH_PATHS = (
					"$(inherited)",
					"@executable_path/Frameworks",
				);
				MARKETING_VERSION = 0.1.0;
				PRODUCT_BUNDLE_IDENTIFIER = com.rylai.sketchpad;
				SDKROOT = iphoneos;
				SUPPORTS_MACCATALYST = NO;
				SWIFT_VERSION = 5.9;
				TARGETED_DEVICE_FAMILY = 2;
			};
			name = Debug;
		};
/* End XCBuildConfiguration section */

/* Begin XCConfigurationList section */
		142E5BE09BE54F58C8B025C4 /* Build configuration list for PBXProject "Sketchpad" */ = {
			isa = XCConfigurationList;
			buildConfigurations = (
				05436E4079585A061662C73E /* Debug */,
				038A375C8187DA066DC0871D /* Release */,
			);
			defaultConfigurationIsVisible = 0;
			defaultConfigurationName = Debug;
		};
		C51CDA79F7859F9DFD2762DA /* Build configuration list for PBXNativeTarget "Sketchpad" */ = {
			isa = XCConfigurationList;
			buildConfigurations = (
				2104E853EE4F714404E58E5C /* Debug */,
				14133AC875161017B1DCD948 /* Release */,
			);
			defaultConfigurationIsVisible = 0;
			defaultConfigurationName = Debug;
		};
/* End XCConfigurationList section */
	};
	rootObject = 1AFD38FB308575A3F21B5D00 /* Project object */;
}
